
Microsoft Visual Studio Solution File, Format Version 12.00
# Visual Studio Version 16
VisualStudioVersion = 16.0.29920.165
MinimumVisualStudioVersion = 10.0.40219.1
Project("{888888A0-9F3D-457C-B088-3A5042F75D52}") = "Lab6A", "Lab6A.pyproj", "{23DF6EF2-6EB8-4D9D-8B79-089FE582FF62}"
EndProject
Global
	GlobalSection(SolutionConfigurationPlatforms) = preSolution
		Debug|Any CPU = Debug|Any CPU
		Release|Any CPU = Release|Any CPU
	EndGlobalSection
	GlobalSection(ProjectConfigurationPlatforms) = postSolution
		{23DF6EF2-6EB8-4D9D-8B79-089FE582FF62}.Debug|Any CPU.ActiveCfg = Debug|Any CPU
		{23DF6EF2-6EB8-4D9D-8B79-089FE582FF62}.Release|Any CPU.ActiveCfg = Release|Any CPU
	EndGlobalSection
	GlobalSection(SolutionProperties) = preSolution
		HideSolutionNode = FALSE
	EndGlobalSection
	GlobalSection(ExtensibilityGlobals) = postSolution
		SolutionGuid = {CF51EBE3-5396-49AC-A16C-3FCE1379AAFF}
	EndGlobalSection
EndGlobal
